
Microsoft Visual Studio Solution File, Format Version 12.00
# Visual Studio Version 16
VisualStudioVersion = 16.0.30104.148
MinimumVisualStudioVersion = 10.0.40219.1
Project("{FAE04EC0-301F-11D3-BF4B-00C04F79EFBC}") = "DeadLetterExample", "DeadLetterExample\DeadLetterExample.csproj", "{96CA562C-1C5A-44AB-BABD-9FA0B306DF22}"
EndProject
Global
	GlobalSection(SolutionConfigurationPlatforms) = preSolution
		Debug|Any CPU = Debug|Any CPU
		Release|Any CPU = Release|Any CPU
	EndGlobalSection
	GlobalSection(ProjectConfigurationPlatforms) = postSolution
		{96CA562C-1C5A-44AB-BABD-9FA0B306DF22}.Debug|Any CPU.ActiveCfg = Debug|Any CPU
		{96CA562C-1C5A-44AB-BABD-9FA0B306DF22}.Debug|Any CPU.Build.0 = Debug|Any CPU
		{96CA562C-1C5A-44AB-BABD-9FA0B306DF22}.Release|Any CPU.ActiveCfg = Release|Any CPU
		{96CA562C-1C5A-44AB-BABD-9FA0B306DF22}.Release|Any CPU.Build.0 = Release|Any CPU
	EndGlobalSection
	GlobalSection(SolutionProperties) = preSolution
		HideSolutionNode = FALSE
	EndGlobalSection
	GlobalSection(ExtensibilityGlobals) = postSolution
		SolutionGuid = {08061064-451D-4B9F-9B16-785EDB21FD07}
	EndGlobalSection
EndGlobal
