
Microsoft Visual Studio Solution File, Format Version 12.00
# Visual Studio Version 16
VisualStudioVersion = 16.0.29519.87
MinimumVisualStudioVersion = 10.0.40219.1
Project("{FAE04EC0-301F-11D3-BF4B-00C04F79EFBC}") = "MovieStreaming", "MovieStreaming\MovieStreaming.csproj", "{9F492EC3-D096-4192-BA0D-5101DB93906E}"
EndProject
Global
	GlobalSection(SolutionConfigurationPlatforms) = preSolution
		Debug|Any CPU = Debug|Any CPU
		Release|Any CPU = Release|Any CPU
	EndGlobalSection
	GlobalSection(ProjectConfigurationPlatforms) = postSolution
		{9F492EC3-D096-4192-BA0D-5101DB93906E}.Debug|Any CPU.ActiveCfg = Debug|Any CPU
		{9F492EC3-D096-4192-BA0D-5101DB93906E}.Debug|Any CPU.Build.0 = Debug|Any CPU
		{9F492EC3-D096-4192-BA0D-5101DB93906E}.Release|Any CPU.ActiveCfg = Release|Any CPU
		{9F492EC3-D096-4192-BA0D-5101DB93906E}.Release|Any CPU.Build.0 = Release|Any CPU
	EndGlobalSection
	GlobalSection(SolutionProperties) = preSolution
		HideSolutionNode = FALSE
	EndGlobalSection
	GlobalSection(ExtensibilityGlobals) = postSolution
		SolutionGuid = {C683D4A9-E6CC-45EA-8062-956D983ABCD9}
	EndGlobalSection
EndGlobal
