
Microsoft Visual Studio Solution File, Format Version 12.00
# Visual Studio Version 16
VisualStudioVersion = 16.0.30104.148
MinimumVisualStudioVersion = 10.0.40219.1
Project("{FAE04EC0-301F-11D3-BF4B-00C04F79EFBC}") = "RouterExample", "RouterExample\RouterExample.csproj", "{BB993EFB-A3D4-4CE1-9B78-B5A7A9234A21}"
EndProject
Global
	GlobalSection(SolutionConfigurationPlatforms) = preSolution
		Debug|Any CPU = Debug|Any CPU
		Release|Any CPU = Release|Any CPU
	EndGlobalSection
	GlobalSection(ProjectConfigurationPlatforms) = postSolution
		{BB993EFB-A3D4-4CE1-9B78-B5A7A9234A21}.Debug|Any CPU.ActiveCfg = Debug|Any CPU
		{BB993EFB-A3D4-4CE1-9B78-B5A7A9234A21}.Debug|Any CPU.Build.0 = Debug|Any CPU
		{BB993EFB-A3D4-4CE1-9B78-B5A7A9234A21}.Release|Any CPU.ActiveCfg = Release|Any CPU
		{BB993EFB-A3D4-4CE1-9B78-B5A7A9234A21}.Release|Any CPU.Build.0 = Release|Any CPU
	EndGlobalSection
	GlobalSection(SolutionProperties) = preSolution
		HideSolutionNode = FALSE
	EndGlobalSection
	GlobalSection(ExtensibilityGlobals) = postSolution
		SolutionGuid = {6A4855B3-E07F-4909-91FD-424C717F39D0}
	EndGlobalSection
EndGlobal
